
Microsoft Visual Studio Solution File, Format Version 12.00
# Visual Studio Version 17
VisualStudioVersion = 17.1.32319.34
MinimumVisualStudioVersion = 10.0.40219.1
Project("{9A19103F-16F7-4668-BE54-9A1E7A4F7556}") = "Projecton", "Projecton.csproj", "{CE3B5114-E727-4D8A-9B1A-806859E84DA9}"
EndProject
Global
	GlobalSection(SolutionConfigurationPlatforms) = preSolution
		Debug|Any CPU = Debug|Any CPU
		Release|Any CPU = Release|Any CPU
	EndGlobalSection
	GlobalSection(ProjectConfigurationPlatforms) = postSolution
		{CE3B5114-E727-4D8A-9B1A-806859E84DA9}.Debug|Any CPU.ActiveCfg = Debug|Any CPU
		{CE3B5114-E727-4D8A-9B1A-806859E84DA9}.Debug|Any CPU.Build.0 = Debug|Any CPU
		{CE3B5114-E727-4D8A-9B1A-806859E84DA9}.Release|Any CPU.ActiveCfg = Release|Any CPU
		{CE3B5114-E727-4D8A-9B1A-806859E84DA9}.Release|Any CPU.Build.0 = Release|Any CPU
	EndGlobalSection
	GlobalSection(SolutionProperties) = preSolution
		HideSolutionNode = FALSE
	EndGlobalSection
	GlobalSection(ExtensibilityGlobals) = postSolution
		SolutionGuid = {959D126F-7B8E-4025-A983-E05A5994325A}
	EndGlobalSection
EndGlobal
